
Microsoft Visual Studio Solution File, Format Version 11.00
# Visual Studio 2010
Project("{FAE04EC0-301F-11D3-BF4B-00C04F79EFBC}") = "Assembly-CSharp", "Assembly-CSharp.csproj", "{C350C8B7-25D4-B563-FF8F-7493CA35A9B5}"
EndProject
Global
	GlobalSection(SolutionConfigurationPlatforms) = preSolution
		Debug|Any CPU = Debug|Any CPU
		Release|Any CPU = Release|Any CPU
	EndGlobalSection
	GlobalSection(ProjectConfigurationPlatforms) = postSolution
		{C350C8B7-25D4-B563-FF8F-7493CA35A9B5}.Debug|Any CPU.ActiveCfg = Debug|Any CPU
		{C350C8B7-25D4-B563-FF8F-7493CA35A9B5}.Debug|Any CPU.Build.0 = Debug|Any CPU
		{C350C8B7-25D4-B563-FF8F-7493CA35A9B5}.Release|Any CPU.ActiveCfg = Release|Any CPU
		{C350C8B7-25D4-B563-FF8F-7493CA35A9B5}.Release|Any CPU.Build.0 = Release|Any CPU
	EndGlobalSection
	GlobalSection(SolutionProperties) = preSolution
		HideSolutionNode = FALSE
	EndGlobalSection
EndGlobal
